
Microsoft Visual Studio Solution File, Format Version 12.00
# Visual Studio 15
VisualStudioVersion = 15.0.27428.2015
MinimumVisualStudioVersion = 10.0.40219.1
Project("{9A19103F-16F7-4668-BE54-9A1E7A4F7556}") = "SENACRS.ADS.CollectionManager.WebApi", "SENACRS.ADS.CollectionManager.WebApi\SENACRS.ADS.CollectionManager.WebApi.csproj", "{91990F23-9F12-437F-89D2-2F33F244214C}"
EndProject
Project("{9A19103F-16F7-4668-BE54-9A1E7A4F7556}") = "SENACRS.ADS.CollectionManager.Domain", "SENACRS.ADS.CollectionManager.Domain\SENACRS.ADS.CollectionManager.Domain.csproj", "{C5F803F4-1D80-457E-91DA-D09A127049DD}"
EndProject
Global
	GlobalSection(SolutionConfigurationPlatforms) = preSolution
		Debug|Any CPU = Debug|Any CPU
		Release|Any CPU = Release|Any CPU
	EndGlobalSection
	GlobalSection(ProjectConfigurationPlatforms) = postSolution
		{91990F23-9F12-437F-89D2-2F33F244214C}.Debug|Any CPU.ActiveCfg = Debug|Any CPU
		{91990F23-9F12-437F-89D2-2F33F244214C}.Debug|Any CPU.Build.0 = Debug|Any CPU
		{91990F23-9F12-437F-89D2-2F33F244214C}.Release|Any CPU.ActiveCfg = Release|Any CPU
		{91990F23-9F12-437F-89D2-2F33F244214C}.Release|Any CPU.Build.0 = Release|Any CPU
		{C5F803F4-1D80-457E-91DA-D09A127049DD}.Debug|Any CPU.ActiveCfg = Debug|Any CPU
		{C5F803F4-1D80-457E-91DA-D09A127049DD}.Debug|Any CPU.Build.0 = Debug|Any CPU
		{C5F803F4-1D80-457E-91DA-D09A127049DD}.Release|Any CPU.ActiveCfg = Release|Any CPU
		{C5F803F4-1D80-457E-91DA-D09A127049DD}.Release|Any CPU.Build.0 = Release|Any CPU
	EndGlobalSection
	GlobalSection(SolutionProperties) = preSolution
		HideSolutionNode = FALSE
	EndGlobalSection
	GlobalSection(ExtensibilityGlobals) = postSolution
		SolutionGuid = {5979AEBC-6DA0-470F-BAC1-9B3810432B49}
	EndGlobalSection
EndGlobal
